
Microsoft Visual Studio Solution File, Format Version 12.00
# Visual Studio 15
VisualStudioVersion = 15.0.28307.421
MinimumVisualStudioVersion = 10.0.40219.1
Project("{FAE04EC0-301F-11D3-BF4B-00C04F79EFBC}") = "9", "9.csproj", "{8E881BCA-AF35-40E0-91DC-1AFF76C9FFEF}"
EndProject
Global
	GlobalSection(SolutionConfigurationPlatforms) = preSolution
		Debug|x86 = Debug|x86
		Release|x86 = Release|x86
	EndGlobalSection
	GlobalSection(ProjectConfigurationPlatforms) = postSolution
		{8E881BCA-AF35-40E0-91DC-1AFF76C9FFEF}.Debug|x86.ActiveCfg = Debug|x86
		{8E881BCA-AF35-40E0-91DC-1AFF76C9FFEF}.Debug|x86.Build.0 = Debug|x86
		{8E881BCA-AF35-40E0-91DC-1AFF76C9FFEF}.Release|x86.ActiveCfg = Release|x86
		{8E881BCA-AF35-40E0-91DC-1AFF76C9FFEF}.Release|x86.Build.0 = Release|x86
	EndGlobalSection
	GlobalSection(SolutionProperties) = preSolution
		HideSolutionNode = FALSE
	EndGlobalSection
	GlobalSection(ExtensibilityGlobals) = postSolution
		SolutionGuid = {13810F90-CFC7-42FF-B945-E842D49CE945}
	EndGlobalSection
EndGlobal
